
Microsoft Visual Studio Solution File, Format Version 12.00
# Visual Studio Version 16
VisualStudioVersion = 16.0.30114.105
MinimumVisualStudioVersion = 10.0.40219.1
Project("{9A19103F-16F7-4668-BE54-9A1E7A4F7556}") = "Tarefas", "src\Tarefas.csproj", "{0F99A9E8-497C-482A-BAFA-2748E9E1542D}"
EndProject
Global
	GlobalSection(SolutionConfigurationPlatforms) = preSolution
		Debug|Any CPU = Debug|Any CPU
		Release|Any CPU = Release|Any CPU
	EndGlobalSection
	GlobalSection(ProjectConfigurationPlatforms) = postSolution
		{0F99A9E8-497C-482A-BAFA-2748E9E1542D}.Debug|Any CPU.ActiveCfg = Debug|Any CPU
		{0F99A9E8-497C-482A-BAFA-2748E9E1542D}.Debug|Any CPU.Build.0 = Debug|Any CPU
		{0F99A9E8-497C-482A-BAFA-2748E9E1542D}.Release|Any CPU.ActiveCfg = Release|Any CPU
		{0F99A9E8-497C-482A-BAFA-2748E9E1542D}.Release|Any CPU.Build.0 = Release|Any CPU
	EndGlobalSection
	GlobalSection(SolutionProperties) = preSolution
		HideSolutionNode = FALSE
	EndGlobalSection
	GlobalSection(ExtensibilityGlobals) = postSolution
		SolutionGuid = {A670D7BD-199B-4987-92F6-A75C6882D163}
	EndGlobalSection
EndGlobal
